
Microsoft Visual Studio Solution File, Format Version 12.00
# Visual Studio Version 17
VisualStudioVersion = 17.9.34701.34
MinimumVisualStudioVersion = 10.0.40219.1
Project("{8BC9CEB8-8B4A-11D0-8D11-00A0C91BC942}") = "Program", "Program\Program.vcxproj", "{D10EAFC1-7BDA-4A79-AFC8-A232E7A82293}"
EndProject
Project("{8BC9CEB8-8B4A-11D0-8D11-00A0C91BC942}") = "Class4th (Overflow & Underflow)", "Class4th (Overflow & Underflow)\Class4th (Overflow & Underflow).vcxproj", "{D89102DB-7565-4C99-90E9-AA334DC79C05}"
EndProject
Project("{8BC9CEB8-8B4A-11D0-8D11-00A0C91BC942}") = "Class5th (Conditional Statement)", "Class5th (Conditional Statement)\Class5th (Conditional Statement).vcxproj", "{02472169-4B86-42F0-A0F1-9757C96DAB5A}"
EndProject
Project("{8BC9CEB8-8B4A-11D0-8D11-00A0C91BC942}") = "Class6th (Type Conversion)", "Class6th (Type Conversion)\Class6th (Type Conversion).vcxproj", "{33E617B5-23BF-447F-85CD-9FA2C233D7CF}"
EndProject
Project("{8BC9CEB8-8B4A-11D0-8D11-00A0C91BC942}") = "Class7th (Iteration Statement)", "Class7th (iteration Statement)\Class7th (iteration Statement).vcxproj", "{3CE6C1A7-7E39-4EC1-A52F-26680B82F7E0}"
EndProject
Project("{8BC9CEB8-8B4A-11D0-8D11-00A0C91BC942}") = "Class8th (Pointer)", "Class8th (Pointer)\Class8th (Pointer).vcxproj", "{D7C88287-8CB0-44CE-A6F4-14E59673212F}"
EndProject
Global
	GlobalSection(SolutionConfigurationPlatforms) = preSolution
		Debug|x64 = Debug|x64
		Debug|x86 = Debug|x86
		Release|x64 = Release|x64
		Release|x86 = Release|x86
	EndGlobalSection
	GlobalSection(ProjectConfigurationPlatforms) = postSolution
		{D10EAFC1-7BDA-4A79-AFC8-A232E7A82293}.Debug|x64.ActiveCfg = Debug|x64
		{D10EAFC1-7BDA-4A79-AFC8-A232E7A82293}.Debug|x64.Build.0 = Debug|x64
		{D10EAFC1-7BDA-4A79-AFC8-A232E7A82293}.Debug|x86.ActiveCfg = Debug|Win32
		{D10EAFC1-7BDA-4A79-AFC8-A232E7A82293}.Debug|x86.Build.0 = Debug|Win32
		{D10EAFC1-7BDA-4A79-AFC8-A232E7A82293}.Release|x64.ActiveCfg = Release|x64
		{D10EAFC1-7BDA-4A79-AFC8-A232E7A82293}.Release|x64.Build.0 = Release|x64
		{D10EAFC1-7BDA-4A79-AFC8-A232E7A82293}.Release|x86.ActiveCfg = Release|Win32
		{D10EAFC1-7BDA-4A79-AFC8-A232E7A82293}.Release|x86.Build.0 = Release|Win32
		{D89102DB-7565-4C99-90E9-AA334DC79C05}.Debug|x64.ActiveCfg = Debug|x64
		{D89102DB-7565-4C99-90E9-AA334DC79C05}.Debug|x64.Build.0 = Debug|x64
		{D89102DB-7565-4C99-90E9-AA334DC79C05}.Debug|x86.ActiveCfg = Debug|Win32
		{D89102DB-7565-4C99-90E9-AA334DC79C05}.Debug|x86.Build.0 = Debug|Win32
		{D89102DB-7565-4C99-90E9-AA334DC79C05}.Release|x64.ActiveCfg = Release|x64
		{D89102DB-7565-4C99-90E9-AA334DC79C05}.Release|x64.Build.0 = Release|x64
		{D89102DB-7565-4C99-90E9-AA334DC79C05}.Release|x86.ActiveCfg = Release|Win32
		{D89102DB-7565-4C99-90E9-AA334DC79C05}.Release|x86.Build.0 = Release|Win32
		{02472169-4B86-42F0-A0F1-9757C96DAB5A}.Debug|x64.ActiveCfg = Debug|x64
		{02472169-4B86-42F0-A0F1-9757C96DAB5A}.Debug|x64.Build.0 = Debug|x64
		{02472169-4B86-42F0-A0F1-9757C96DAB5A}.Debug|x86.ActiveCfg = Debug|Win32
		{02472169-4B86-42F0-A0F1-9757C96DAB5A}.Debug|x86.Build.0 = Debug|Win32
		{02472169-4B86-42F0-A0F1-9757C96DAB5A}.Release|x64.ActiveCfg = Release|x64
		{02472169-4B86-42F0-A0F1-9757C96DAB5A}.Release|x64.Build.0 = Release|x64
		{02472169-4B86-42F0-A0F1-9757C96DAB5A}.Release|x86.ActiveCfg = Release|Win32
		{02472169-4B86-42F0-A0F1-9757C96DAB5A}.Release|x86.Build.0 = Release|Win32
		{33E617B5-23BF-447F-85CD-9FA2C233D7CF}.Debug|x64.ActiveCfg = Debug|x64
		{33E617B5-23BF-447F-85CD-9FA2C233D7CF}.Debug|x64.Build.0 = Debug|x64
		{33E617B5-23BF-447F-85CD-9FA2C233D7CF}.Debug|x86.ActiveCfg = Debug|Win32
		{33E617B5-23BF-447F-85CD-9FA2C233D7CF}.Debug|x86.Build.0 = Debug|Win32
		{33E617B5-23BF-447F-85CD-9FA2C233D7CF}.Release|x64.ActiveCfg = Release|x64
		{33E617B5-23BF-447F-85CD-9FA2C233D7CF}.Release|x64.Build.0 = Release|x64
		{33E617B5-23BF-447F-85CD-9FA2C233D7CF}.Release|x86.ActiveCfg = Release|Win32
		{33E617B5-23BF-447F-85CD-9FA2C233D7CF}.Release|x86.Build.0 = Release|Win32
		{3CE6C1A7-7E39-4EC1-A52F-26680B82F7E0}.Debug|x64.ActiveCfg = Debug|x64
		{3CE6C1A7-7E39-4EC1-A52F-26680B82F7E0}.Debug|x64.Build.0 = Debug|x64
		{3CE6C1A7-7E39-4EC1-A52F-26680B82F7E0}.Debug|x86.ActiveCfg = Debug|Win32
		{3CE6C1A7-7E39-4EC1-A52F-26680B82F7E0}.Debug|x86.Build.0 = Debug|Win32
		{3CE6C1A7-7E39-4EC1-A52F-26680B82F7E0}.Release|x64.ActiveCfg = Release|x64
		{3CE6C1A7-7E39-4EC1-A52F-26680B82F7E0}.Release|x64.Build.0 = Release|x64
		{3CE6C1A7-7E39-4EC1-A52F-26680B82F7E0}.Release|x86.ActiveCfg = Release|Win32
		{3CE6C1A7-7E39-4EC1-A52F-26680B82F7E0}.Release|x86.Build.0 = Release|Win32
		{D7C88287-8CB0-44CE-A6F4-14E59673212F}.Debug|x64.ActiveCfg = Debug|x64
		{D7C88287-8CB0-44CE-A6F4-14E59673212F}.Debug|x64.Build.0 = Debug|x64
		{D7C88287-8CB0-44CE-A6F4-14E59673212F}.Debug|x86.ActiveCfg = Debug|Win32
		{D7C88287-8CB0-44CE-A6F4-14E59673212F}.Debug|x86.Build.0 = Debug|Win32
		{D7C88287-8CB0-44CE-A6F4-14E59673212F}.Release|x64.ActiveCfg = Release|x64
		{D7C88287-8CB0-44CE-A6F4-14E59673212F}.Release|x64.Build.0 = Release|x64
		{D7C88287-8CB0-44CE-A6F4-14E59673212F}.Release|x86.ActiveCfg = Release|Win32
		{D7C88287-8CB0-44CE-A6F4-14E59673212F}.Release|x86.Build.0 = Release|Win32
	EndGlobalSection
	GlobalSection(SolutionProperties) = preSolution
		HideSolutionNode = FALSE
	EndGlobalSection
	GlobalSection(ExtensibilityGlobals) = postSolution
		SolutionGuid = {792B2F29-5155-4C7B-9D6C-344EECE2F7A4}
	EndGlobalSection
EndGlobal
